
Microsoft Visual Studio Solution File, Format Version 12.00
# Visual Studio Version 17
VisualStudioVersion = 17.11.35327.3
MinimumVisualStudioVersion = 10.0.40219.1
Project("{9A19103F-16F7-4668-BE54-9A1E7A4F7556}") = "APPWeb", "APPWeb\APPWeb.csproj", "{F794BD4C-AEC3-4C16-96AD-CC110D3CC832}"
EndProject
Project("{9A19103F-16F7-4668-BE54-9A1E7A4F7556}") = "Domain", "Domain\Domain.csproj", "{620F1228-E54F-4F95-A006-EF5E23230547}"
EndProject
Project("{9A19103F-16F7-4668-BE54-9A1E7A4F7556}") = "Infrastructure", "Infrastructure\Infrastructure.csproj", "{06BF8F25-D5D1-4871-9BC6-54EA72265EF8}"
EndProject
Project("{2150E333-8FDC-42A3-9474-1A3956D46DE8}") = "Core", "Core", "{E91545A8-4142-4E6E-9CBE-3920E7D039AE}"
EndProject
Project("{9A19103F-16F7-4668-BE54-9A1E7A4F7556}") = "Services.Abstractions", "Services.Abstractions\Services.Abstractions.csproj", "{D7D87389-6F55-4F1D-AC0A-F65D9A748A1A}"
EndProject
Project("{9A19103F-16F7-4668-BE54-9A1E7A4F7556}") = "Services.V1", "Services.V1\Services.V1.csproj", "{26009E19-241B-4DB4-B2DF-D51C4EA1D54A}"
EndProject
Project("{9A19103F-16F7-4668-BE54-9A1E7A4F7556}") = "BookPages", "BookPages\BookPages.csproj", "{78803E4A-591A-4F06-AD21-36810D063E4D}"
EndProject
Project("{2150E333-8FDC-42A3-9474-1A3956D46DE8}") = "SolutionFIles", "SolutionFIles", "{97EB9ACC-A4F1-4551-B007-F5C6F61ED242}"
	ProjectSection(SolutionItems) = preProject
		README.md = README.md
	EndProjectSection
EndProject
Project("{2150E333-8FDC-42A3-9474-1A3956D46DE8}") = "Core (2)", "Core (2)", "{CF1D82B4-D517-4AC7-B283-01056102B307}"
EndProject
Global
	GlobalSection(SolutionConfigurationPlatforms) = preSolution
		Debug|Any CPU = Debug|Any CPU
		Release|Any CPU = Release|Any CPU
	EndGlobalSection
	GlobalSection(ProjectConfigurationPlatforms) = postSolution
		{F794BD4C-AEC3-4C16-96AD-CC110D3CC832}.Debug|Any CPU.ActiveCfg = Debug|Any CPU
		{F794BD4C-AEC3-4C16-96AD-CC110D3CC832}.Debug|Any CPU.Build.0 = Debug|Any CPU
		{F794BD4C-AEC3-4C16-96AD-CC110D3CC832}.Release|Any CPU.ActiveCfg = Release|Any CPU
		{F794BD4C-AEC3-4C16-96AD-CC110D3CC832}.Release|Any CPU.Build.0 = Release|Any CPU
		{620F1228-E54F-4F95-A006-EF5E23230547}.Debug|Any CPU.ActiveCfg = Debug|Any CPU
		{620F1228-E54F-4F95-A006-EF5E23230547}.Debug|Any CPU.Build.0 = Debug|Any CPU
		{620F1228-E54F-4F95-A006-EF5E23230547}.Release|Any CPU.ActiveCfg = Release|Any CPU
		{620F1228-E54F-4F95-A006-EF5E23230547}.Release|Any CPU.Build.0 = Release|Any CPU
		{06BF8F25-D5D1-4871-9BC6-54EA72265EF8}.Debug|Any CPU.ActiveCfg = Debug|Any CPU
		{06BF8F25-D5D1-4871-9BC6-54EA72265EF8}.Debug|Any CPU.Build.0 = Debug|Any CPU
		{06BF8F25-D5D1-4871-9BC6-54EA72265EF8}.Release|Any CPU.ActiveCfg = Release|Any CPU
		{06BF8F25-D5D1-4871-9BC6-54EA72265EF8}.Release|Any CPU.Build.0 = Release|Any CPU
		{D7D87389-6F55-4F1D-AC0A-F65D9A748A1A}.Debug|Any CPU.ActiveCfg = Debug|Any CPU
		{D7D87389-6F55-4F1D-AC0A-F65D9A748A1A}.Debug|Any CPU.Build.0 = Debug|Any CPU
		{D7D87389-6F55-4F1D-AC0A-F65D9A748A1A}.Release|Any CPU.ActiveCfg = Release|Any CPU
		{D7D87389-6F55-4F1D-AC0A-F65D9A748A1A}.Release|Any CPU.Build.0 = Release|Any CPU
		{26009E19-241B-4DB4-B2DF-D51C4EA1D54A}.Debug|Any CPU.ActiveCfg = Debug|Any CPU
		{26009E19-241B-4DB4-B2DF-D51C4EA1D54A}.Debug|Any CPU.Build.0 = Debug|Any CPU
		{26009E19-241B-4DB4-B2DF-D51C4EA1D54A}.Release|Any CPU.ActiveCfg = Release|Any CPU
		{26009E19-241B-4DB4-B2DF-D51C4EA1D54A}.Release|Any CPU.Build.0 = Release|Any CPU
		{78803E4A-591A-4F06-AD21-36810D063E4D}.Debug|Any CPU.ActiveCfg = Debug|Any CPU
		{78803E4A-591A-4F06-AD21-36810D063E4D}.Debug|Any CPU.Build.0 = Debug|Any CPU
		{78803E4A-591A-4F06-AD21-36810D063E4D}.Release|Any CPU.ActiveCfg = Release|Any CPU
		{78803E4A-591A-4F06-AD21-36810D063E4D}.Release|Any CPU.Build.0 = Release|Any CPU
	EndGlobalSection
	GlobalSection(SolutionProperties) = preSolution
		HideSolutionNode = FALSE
	EndGlobalSection
	GlobalSection(NestedProjects) = preSolution
		{620F1228-E54F-4F95-A006-EF5E23230547} = {E91545A8-4142-4E6E-9CBE-3920E7D039AE}
		{D7D87389-6F55-4F1D-AC0A-F65D9A748A1A} = {E91545A8-4142-4E6E-9CBE-3920E7D039AE}
		{26009E19-241B-4DB4-B2DF-D51C4EA1D54A} = {E91545A8-4142-4E6E-9CBE-3920E7D039AE}
		{78803E4A-591A-4F06-AD21-36810D063E4D} = {E91545A8-4142-4E6E-9CBE-3920E7D039AE}
	EndGlobalSection
	GlobalSection(ExtensibilityGlobals) = postSolution
		SolutionGuid = {507277F9-577C-426E-9425-3E9A37C88523}
	EndGlobalSection
EndGlobal
